
Microsoft Visual Studio Solution File, Format Version 12.00
# Visual Studio Version 17
VisualStudioVersion = 17.13.35806.99 d17.13
MinimumVisualStudioVersion = 10.0.40219.1
Project("{FAE04EC0-301F-11D3-BF4B-00C04F79EFBC}") = "oop", "oop\oop.csproj", "{AC1FBB14-B599-4BF4-8900-CF80B16AFCEF}"
EndProject
Global
	GlobalSection(SolutionConfigurationPlatforms) = preSolution
		Debug|Any CPU = Debug|Any CPU
		Release|Any CPU = Release|Any CPU
	EndGlobalSection
	GlobalSection(ProjectConfigurationPlatforms) = postSolution
		{AC1FBB14-B599-4BF4-8900-CF80B16AFCEF}.Debug|Any CPU.ActiveCfg = Debug|Any CPU
		{AC1FBB14-B599-4BF4-8900-CF80B16AFCEF}.Debug|Any CPU.Build.0 = Debug|Any CPU
		{AC1FBB14-B599-4BF4-8900-CF80B16AFCEF}.Release|Any CPU.ActiveCfg = Release|Any CPU
		{AC1FBB14-B599-4BF4-8900-CF80B16AFCEF}.Release|Any CPU.Build.0 = Release|Any CPU
	EndGlobalSection
	GlobalSection(SolutionProperties) = preSolution
		HideSolutionNode = FALSE
	EndGlobalSection
	GlobalSection(ExtensibilityGlobals) = postSolution
		SolutionGuid = {370539AE-CF9B-475D-B9AC-E15C1B1F722A}
	EndGlobalSection
EndGlobal
